
Microsoft Visual Studio Solution File, Format Version 12.00
Project("{F2A71F9B-5D33-465A-A702-920D77279786}") = "BankAccountInterpreter", "BankAccountInterpreter\BankAccountInterpreter.fsproj", "{FBCEE42D-573D-48EA-A6D2-F871DC98703E}"
EndProject
Project("{F2A71F9B-5D33-465A-A702-920D77279786}") = "BankAccountTests", "BankAccountTests\BankAccountTests.fsproj", "{24F9FD68-8401-420E-97C6-5E22AF5D3E56}"
EndProject
Project("{F2A71F9B-5D33-465A-A702-920D77279786}") = "BankAccountSpecification", "BankAccountSpecification\BankAccountSpecification.fsproj", "{6A340FF3-FCAE-4741-925D-FA14C121E30A}"
EndProject
Global
	GlobalSection(SolutionConfigurationPlatforms) = preSolution
		Debug|Any CPU = Debug|Any CPU
		Release|Any CPU = Release|Any CPU
	EndGlobalSection
	GlobalSection(ProjectConfigurationPlatforms) = postSolution
		{FBCEE42D-573D-48EA-A6D2-F871DC98703E}.Debug|Any CPU.ActiveCfg = Debug|Any CPU
		{FBCEE42D-573D-48EA-A6D2-F871DC98703E}.Debug|Any CPU.Build.0 = Debug|Any CPU
		{FBCEE42D-573D-48EA-A6D2-F871DC98703E}.Release|Any CPU.ActiveCfg = Release|Any CPU
		{FBCEE42D-573D-48EA-A6D2-F871DC98703E}.Release|Any CPU.Build.0 = Release|Any CPU
		{24F9FD68-8401-420E-97C6-5E22AF5D3E56}.Debug|Any CPU.ActiveCfg = Debug|Any CPU
		{24F9FD68-8401-420E-97C6-5E22AF5D3E56}.Debug|Any CPU.Build.0 = Debug|Any CPU
		{24F9FD68-8401-420E-97C6-5E22AF5D3E56}.Release|Any CPU.ActiveCfg = Release|Any CPU
		{24F9FD68-8401-420E-97C6-5E22AF5D3E56}.Release|Any CPU.Build.0 = Release|Any CPU
		{6A340FF3-FCAE-4741-925D-FA14C121E30A}.Debug|Any CPU.ActiveCfg = Debug|Any CPU
		{6A340FF3-FCAE-4741-925D-FA14C121E30A}.Debug|Any CPU.Build.0 = Debug|Any CPU
		{6A340FF3-FCAE-4741-925D-FA14C121E30A}.Release|Any CPU.ActiveCfg = Release|Any CPU
		{6A340FF3-FCAE-4741-925D-FA14C121E30A}.Release|Any CPU.Build.0 = Release|Any CPU
	EndGlobalSection
EndGlobal
