
Microsoft Visual Studio Solution File, Format Version 12.00
Project("{F2A71F9B-5D33-465A-A702-920D77279786}") = "BankAccountInterpreter", "BankAccountInterpreter\BankAccountInterpreter.fsproj", "{FBCEE42D-573D-48EA-A6D2-F871DC98703E}"
EndProject
Project("{F2A71F9B-5D33-465A-A702-920D77279786}") = "BankAccountTests", "BankAccountTests\BankAccountTests.fsproj", "{24F9FD68-8401-420E-97C6-5E22AF5D3E56}"
EndProject
Project("{F2A71F9B-5D33-465A-A702-920D77279786}") = "BankAccountSpecification", "BankAccountSpecification\BankAccountSpecification.fsproj", "{6A340FF3-FCAE-4741-925D-FA14C121E30A}"
EndProject
Project("{F2A71F9B-5D33-465A-A702-920D77279786}") = "Persistence", "Persistence\Persistence.fsproj", "{D2C8BC86-D358-4F52-B0F2-4BE05FA7E123}"
EndProject
Project("{F2A71F9B-5D33-465A-A702-920D77279786}") = "PersistenceTests", "PersistenceTests\PersistenceTests.fsproj", "{6ED97769-4F89-4AC5-9E7F-07B37F7E7A5C}"
EndProject
Project("{F2A71F9B-5D33-465A-A702-920D77279786}") = "Common", "Common\Common.fsproj", "{80CD58A3-22DF-47BB-8CC9-DBE7A6970419}"
EndProject
Project("{F2A71F9B-5D33-465A-A702-920D77279786}") = "CommonTests", "CommonTests\CommonTests.fsproj", "{E1EE078B-9422-42D6-BB02-100FB325D836}"
EndProject
Project("{F2A71F9B-5D33-465A-A702-920D77279786}") = "IntegrationTests", "IntegrationTests\IntegrationTests.fsproj", "{9B824F40-A4FA-488F-B10B-F042C5E645F4}"
EndProject
Project("{F2A71F9B-5D33-465A-A702-920D77279786}") = "EventsInterpreter", "EventsInterpreter\EventsInterpreter.fsproj", "{412C9163-7510-451D-8F09-4274CBD04446}"
EndProject
Project("{F2A71F9B-5D33-465A-A702-920D77279786}") = "EventsTests", "EventsTests\EventsTests.fsproj", "{63942E91-3AF8-42D1-938C-CFDD3AFA59D3}"
EndProject
Project("{F2A71F9B-5D33-465A-A702-920D77279786}") = "AtmSpecification", "AtmSpecification\AtmSpecification.fsproj", "{4121ED72-27E9-452A-9D4D-B7DA9DD93CA0}"
EndProject
Project("{F2A71F9B-5D33-465A-A702-920D77279786}") = "AtmInterpreter", "AtmInterpreter\AtmInterpreter.fsproj", "{61F0C0D2-8D63-416A-9BA4-FDA0D7DBA0F8}"
EndProject
Project("{F2A71F9B-5D33-465A-A702-920D77279786}") = "AtmIntegration", "AtmIntegration\AtmIntegration.fsproj", "{50E35C64-E7A9-40A2-8071-522882C41C90}"
EndProject
Project("{2150E333-8FDC-42A3-9474-1A3956D46DE8}") = "01_Atm", "01_Atm", "{3511D55D-AC03-4403-9BEF-ADE0AC350F15}"
EndProject
Project("{2150E333-8FDC-42A3-9474-1A3956D46DE8}") = "01_BankAccount", "01_BankAccount", "{533C6625-9A9B-4688-A5E0-0256BEED4277}"
EndProject
Project("{2150E333-8FDC-42A3-9474-1A3956D46DE8}") = "03_Infrastructure", "03_Infrastructure", "{95E207A4-246A-4E3E-915D-0337D6C3DA88}"
EndProject
Project("{2150E333-8FDC-42A3-9474-1A3956D46DE8}") = "02_Events", "02_Events", "{A30A9392-C25C-4FFA-8701-F460E0D72C45}"
EndProject
Project("{F2A71F9B-5D33-465A-A702-920D77279786}") = "EventsSpecification", "Events\EventsSpecification\EventsSpecification.fsproj", "{C44DEA87-79D5-4A7B-A446-0A9CE26DDA50}"
EndProject
Project("{F2A71F9B-5D33-465A-A702-920D77279786}") = "BankAccountViewModel", "BankAccountViewModel\BankAccountViewModel.fsproj", "{E4E7A06C-0AB9-4409-B5E6-DC27C3E73775}"
EndProject
Project("{F2A71F9B-5D33-465A-A702-920D77279786}") = "BankAccountDataGateway", "BankAccountDataGateway\BankAccountDataGateway.fsproj", "{2C3C3CE6-5F04-4039-90B8-B75570211AB6}"
EndProject
Global
	GlobalSection(SolutionConfigurationPlatforms) = preSolution
		Debug|Any CPU = Debug|Any CPU
		Release|Any CPU = Release|Any CPU
	EndGlobalSection
	GlobalSection(ProjectConfigurationPlatforms) = postSolution
		{FBCEE42D-573D-48EA-A6D2-F871DC98703E}.Debug|Any CPU.ActiveCfg = Debug|Any CPU
		{FBCEE42D-573D-48EA-A6D2-F871DC98703E}.Debug|Any CPU.Build.0 = Debug|Any CPU
		{FBCEE42D-573D-48EA-A6D2-F871DC98703E}.Release|Any CPU.ActiveCfg = Release|Any CPU
		{FBCEE42D-573D-48EA-A6D2-F871DC98703E}.Release|Any CPU.Build.0 = Release|Any CPU
		{24F9FD68-8401-420E-97C6-5E22AF5D3E56}.Debug|Any CPU.ActiveCfg = Debug|Any CPU
		{24F9FD68-8401-420E-97C6-5E22AF5D3E56}.Debug|Any CPU.Build.0 = Debug|Any CPU
		{24F9FD68-8401-420E-97C6-5E22AF5D3E56}.Release|Any CPU.ActiveCfg = Release|Any CPU
		{24F9FD68-8401-420E-97C6-5E22AF5D3E56}.Release|Any CPU.Build.0 = Release|Any CPU
		{6A340FF3-FCAE-4741-925D-FA14C121E30A}.Debug|Any CPU.ActiveCfg = Debug|Any CPU
		{6A340FF3-FCAE-4741-925D-FA14C121E30A}.Debug|Any CPU.Build.0 = Debug|Any CPU
		{6A340FF3-FCAE-4741-925D-FA14C121E30A}.Release|Any CPU.ActiveCfg = Release|Any CPU
		{6A340FF3-FCAE-4741-925D-FA14C121E30A}.Release|Any CPU.Build.0 = Release|Any CPU
		{D2C8BC86-D358-4F52-B0F2-4BE05FA7E123}.Debug|Any CPU.ActiveCfg = Debug|Any CPU
		{D2C8BC86-D358-4F52-B0F2-4BE05FA7E123}.Debug|Any CPU.Build.0 = Debug|Any CPU
		{D2C8BC86-D358-4F52-B0F2-4BE05FA7E123}.Release|Any CPU.ActiveCfg = Release|Any CPU
		{D2C8BC86-D358-4F52-B0F2-4BE05FA7E123}.Release|Any CPU.Build.0 = Release|Any CPU
		{6ED97769-4F89-4AC5-9E7F-07B37F7E7A5C}.Debug|Any CPU.ActiveCfg = Debug|Any CPU
		{6ED97769-4F89-4AC5-9E7F-07B37F7E7A5C}.Debug|Any CPU.Build.0 = Debug|Any CPU
		{6ED97769-4F89-4AC5-9E7F-07B37F7E7A5C}.Release|Any CPU.ActiveCfg = Release|Any CPU
		{6ED97769-4F89-4AC5-9E7F-07B37F7E7A5C}.Release|Any CPU.Build.0 = Release|Any CPU
		{80CD58A3-22DF-47BB-8CC9-DBE7A6970419}.Debug|Any CPU.ActiveCfg = Debug|Any CPU
		{80CD58A3-22DF-47BB-8CC9-DBE7A6970419}.Debug|Any CPU.Build.0 = Debug|Any CPU
		{80CD58A3-22DF-47BB-8CC9-DBE7A6970419}.Release|Any CPU.ActiveCfg = Release|Any CPU
		{80CD58A3-22DF-47BB-8CC9-DBE7A6970419}.Release|Any CPU.Build.0 = Release|Any CPU
		{E1EE078B-9422-42D6-BB02-100FB325D836}.Debug|Any CPU.ActiveCfg = Debug|Any CPU
		{E1EE078B-9422-42D6-BB02-100FB325D836}.Debug|Any CPU.Build.0 = Debug|Any CPU
		{E1EE078B-9422-42D6-BB02-100FB325D836}.Release|Any CPU.ActiveCfg = Release|Any CPU
		{E1EE078B-9422-42D6-BB02-100FB325D836}.Release|Any CPU.Build.0 = Release|Any CPU
		{9B824F40-A4FA-488F-B10B-F042C5E645F4}.Debug|Any CPU.ActiveCfg = Debug|Any CPU
		{9B824F40-A4FA-488F-B10B-F042C5E645F4}.Debug|Any CPU.Build.0 = Debug|Any CPU
		{9B824F40-A4FA-488F-B10B-F042C5E645F4}.Release|Any CPU.ActiveCfg = Release|Any CPU
		{9B824F40-A4FA-488F-B10B-F042C5E645F4}.Release|Any CPU.Build.0 = Release|Any CPU
		{412C9163-7510-451D-8F09-4274CBD04446}.Debug|Any CPU.ActiveCfg = Debug|Any CPU
		{412C9163-7510-451D-8F09-4274CBD04446}.Debug|Any CPU.Build.0 = Debug|Any CPU
		{412C9163-7510-451D-8F09-4274CBD04446}.Release|Any CPU.ActiveCfg = Release|Any CPU
		{412C9163-7510-451D-8F09-4274CBD04446}.Release|Any CPU.Build.0 = Release|Any CPU
		{63942E91-3AF8-42D1-938C-CFDD3AFA59D3}.Debug|Any CPU.ActiveCfg = Debug|Any CPU
		{63942E91-3AF8-42D1-938C-CFDD3AFA59D3}.Debug|Any CPU.Build.0 = Debug|Any CPU
		{63942E91-3AF8-42D1-938C-CFDD3AFA59D3}.Release|Any CPU.ActiveCfg = Release|Any CPU
		{63942E91-3AF8-42D1-938C-CFDD3AFA59D3}.Release|Any CPU.Build.0 = Release|Any CPU
		{4121ED72-27E9-452A-9D4D-B7DA9DD93CA0}.Debug|Any CPU.ActiveCfg = Debug|Any CPU
		{4121ED72-27E9-452A-9D4D-B7DA9DD93CA0}.Debug|Any CPU.Build.0 = Debug|Any CPU
		{4121ED72-27E9-452A-9D4D-B7DA9DD93CA0}.Release|Any CPU.ActiveCfg = Release|Any CPU
		{4121ED72-27E9-452A-9D4D-B7DA9DD93CA0}.Release|Any CPU.Build.0 = Release|Any CPU
		{61F0C0D2-8D63-416A-9BA4-FDA0D7DBA0F8}.Debug|Any CPU.ActiveCfg = Debug|Any CPU
		{61F0C0D2-8D63-416A-9BA4-FDA0D7DBA0F8}.Debug|Any CPU.Build.0 = Debug|Any CPU
		{61F0C0D2-8D63-416A-9BA4-FDA0D7DBA0F8}.Release|Any CPU.ActiveCfg = Release|Any CPU
		{61F0C0D2-8D63-416A-9BA4-FDA0D7DBA0F8}.Release|Any CPU.Build.0 = Release|Any CPU
		{50E35C64-E7A9-40A2-8071-522882C41C90}.Debug|Any CPU.ActiveCfg = Debug|Any CPU
		{50E35C64-E7A9-40A2-8071-522882C41C90}.Debug|Any CPU.Build.0 = Debug|Any CPU
		{50E35C64-E7A9-40A2-8071-522882C41C90}.Release|Any CPU.ActiveCfg = Release|Any CPU
		{50E35C64-E7A9-40A2-8071-522882C41C90}.Release|Any CPU.Build.0 = Release|Any CPU
		{C44DEA87-79D5-4A7B-A446-0A9CE26DDA50}.Debug|Any CPU.ActiveCfg = Debug|Any CPU
		{C44DEA87-79D5-4A7B-A446-0A9CE26DDA50}.Debug|Any CPU.Build.0 = Debug|Any CPU
		{C44DEA87-79D5-4A7B-A446-0A9CE26DDA50}.Release|Any CPU.ActiveCfg = Release|Any CPU
		{C44DEA87-79D5-4A7B-A446-0A9CE26DDA50}.Release|Any CPU.Build.0 = Release|Any CPU
		{E4E7A06C-0AB9-4409-B5E6-DC27C3E73775}.Debug|Any CPU.ActiveCfg = Debug|Any CPU
		{E4E7A06C-0AB9-4409-B5E6-DC27C3E73775}.Debug|Any CPU.Build.0 = Debug|Any CPU
		{E4E7A06C-0AB9-4409-B5E6-DC27C3E73775}.Release|Any CPU.ActiveCfg = Release|Any CPU
		{E4E7A06C-0AB9-4409-B5E6-DC27C3E73775}.Release|Any CPU.Build.0 = Release|Any CPU
		{2C3C3CE6-5F04-4039-90B8-B75570211AB6}.Debug|Any CPU.ActiveCfg = Debug|Any CPU
		{2C3C3CE6-5F04-4039-90B8-B75570211AB6}.Debug|Any CPU.Build.0 = Debug|Any CPU
		{2C3C3CE6-5F04-4039-90B8-B75570211AB6}.Release|Any CPU.ActiveCfg = Release|Any CPU
		{2C3C3CE6-5F04-4039-90B8-B75570211AB6}.Release|Any CPU.Build.0 = Release|Any CPU
	EndGlobalSection
	GlobalSection(NestedProjects) = preSolution
		{50E35C64-E7A9-40A2-8071-522882C41C90} = {3511D55D-AC03-4403-9BEF-ADE0AC350F15}
		{61F0C0D2-8D63-416A-9BA4-FDA0D7DBA0F8} = {3511D55D-AC03-4403-9BEF-ADE0AC350F15}
		{4121ED72-27E9-452A-9D4D-B7DA9DD93CA0} = {3511D55D-AC03-4403-9BEF-ADE0AC350F15}
		{FBCEE42D-573D-48EA-A6D2-F871DC98703E} = {533C6625-9A9B-4688-A5E0-0256BEED4277}
		{6A340FF3-FCAE-4741-925D-FA14C121E30A} = {533C6625-9A9B-4688-A5E0-0256BEED4277}
		{24F9FD68-8401-420E-97C6-5E22AF5D3E56} = {533C6625-9A9B-4688-A5E0-0256BEED4277}
		{D2C8BC86-D358-4F52-B0F2-4BE05FA7E123} = {95E207A4-246A-4E3E-915D-0337D6C3DA88}
		{6ED97769-4F89-4AC5-9E7F-07B37F7E7A5C} = {95E207A4-246A-4E3E-915D-0337D6C3DA88}
		{9B824F40-A4FA-488F-B10B-F042C5E645F4} = {533C6625-9A9B-4688-A5E0-0256BEED4277}
		{412C9163-7510-451D-8F09-4274CBD04446} = {A30A9392-C25C-4FFA-8701-F460E0D72C45}
		{63942E91-3AF8-42D1-938C-CFDD3AFA59D3} = {A30A9392-C25C-4FFA-8701-F460E0D72C45}
		{C44DEA87-79D5-4A7B-A446-0A9CE26DDA50} = {A30A9392-C25C-4FFA-8701-F460E0D72C45}
		{80CD58A3-22DF-47BB-8CC9-DBE7A6970419} = {95E207A4-246A-4E3E-915D-0337D6C3DA88}
		{E1EE078B-9422-42D6-BB02-100FB325D836} = {95E207A4-246A-4E3E-915D-0337D6C3DA88}
		{E4E7A06C-0AB9-4409-B5E6-DC27C3E73775} = {533C6625-9A9B-4688-A5E0-0256BEED4277}
		{2C3C3CE6-5F04-4039-90B8-B75570211AB6} = {533C6625-9A9B-4688-A5E0-0256BEED4277}
	EndGlobalSection
EndGlobal
