
Microsoft Visual Studio Solution File, Format Version 12.00
Project("{F2A71F9B-5D33-465A-A702-920D77279786}") = "BankAccount-Interpreter", "BankAccount-Interpreter\BankAccount-Interpreter.fsproj", "{5BAFEEA5-ABA9-4635-A8CA-FE426DA2C587}"
EndProject
Project("{F2A71F9B-5D33-465A-A702-920D77279786}") = "BankAccount-Tests", "BankAccount-Tests\BankAccount-Tests.fsproj", "{A08EDB26-A056-4EC0-B9DC-55B06657F715}"
EndProject
Project("{F2A71F9B-5D33-465A-A702-920D77279786}") = "BankAccount-Specification", "BankAccount-Specification\BankAccount-Specification.fsproj", "{A3F647F8-09B2-4B00-AAB9-761C5D82D919}"
EndProject
Global
	GlobalSection(SolutionConfigurationPlatforms) = preSolution
		Debug|Any CPU = Debug|Any CPU
		Release|Any CPU = Release|Any CPU
	EndGlobalSection
	GlobalSection(ProjectConfigurationPlatforms) = postSolution
		{5BAFEEA5-ABA9-4635-A8CA-FE426DA2C587}.Debug|Any CPU.ActiveCfg = Debug|Any CPU
		{5BAFEEA5-ABA9-4635-A8CA-FE426DA2C587}.Debug|Any CPU.Build.0 = Debug|Any CPU
		{5BAFEEA5-ABA9-4635-A8CA-FE426DA2C587}.Release|Any CPU.ActiveCfg = Release|Any CPU
		{5BAFEEA5-ABA9-4635-A8CA-FE426DA2C587}.Release|Any CPU.Build.0 = Release|Any CPU
		{A08EDB26-A056-4EC0-B9DC-55B06657F715}.Debug|Any CPU.ActiveCfg = Debug|Any CPU
		{A08EDB26-A056-4EC0-B9DC-55B06657F715}.Debug|Any CPU.Build.0 = Debug|Any CPU
		{A08EDB26-A056-4EC0-B9DC-55B06657F715}.Release|Any CPU.ActiveCfg = Release|Any CPU
		{A08EDB26-A056-4EC0-B9DC-55B06657F715}.Release|Any CPU.Build.0 = Release|Any CPU
		{A3F647F8-09B2-4B00-AAB9-761C5D82D919}.Debug|Any CPU.ActiveCfg = Debug|Any CPU
		{A3F647F8-09B2-4B00-AAB9-761C5D82D919}.Debug|Any CPU.Build.0 = Debug|Any CPU
		{A3F647F8-09B2-4B00-AAB9-761C5D82D919}.Release|Any CPU.ActiveCfg = Release|Any CPU
		{A3F647F8-09B2-4B00-AAB9-761C5D82D919}.Release|Any CPU.Build.0 = Release|Any CPU
	EndGlobalSection
EndGlobal
